
Microsoft Visual Studio Solution File, Format Version 12.00
# Visual Studio 15
Project("{FAE04EC0-301F-11D3-BF4B-00C04F79EFBC}") = "ControlTemplateSample.Android", "ControlTemplateSample.Android\ControlTemplateSample.Android.csproj", "{4456B0B6-7164-4A6B-889C-AB8813BC0AE9}"
EndProject
Project("{FAE04EC0-301F-11D3-BF4B-00C04F79EFBC}") = "ControlTemplateSample.iOS", "ControlTemplateSample.iOS\ControlTemplateSample.iOS.csproj", "{98B78998-C91C-43CF-ABA3-D5F58FB500CA}"
EndProject
Project("{FAE04EC0-301F-11D3-BF4B-00C04F79EFBC}") = "ControlTemplateSample", "ControlTemplateSample\ControlTemplateSample.csproj", "{032690E3-7EE9-4954-906F-13ADEFD0BCDD}"
EndProject
Global
	GlobalSection(SolutionConfigurationPlatforms) = preSolution
		Debug|Any CPU = Debug|Any CPU
		Release|Any CPU = Release|Any CPU
		Debug|iPhoneSimulator = Debug|iPhoneSimulator
		Release|iPhoneSimulator = Release|iPhoneSimulator
		Debug|iPhone = Debug|iPhone
		Release|iPhone = Release|iPhone
		Ad-Hoc|iPhone = Ad-Hoc|iPhone
		AppStore|iPhone = AppStore|iPhone
	EndGlobalSection
	GlobalSection(ProjectConfigurationPlatforms) = postSolution
		{4456B0B6-7164-4A6B-889C-AB8813BC0AE9}.Debug|Any CPU.ActiveCfg = Debug|Any CPU
		{4456B0B6-7164-4A6B-889C-AB8813BC0AE9}.Debug|Any CPU.Build.0 = Debug|Any CPU
		{4456B0B6-7164-4A6B-889C-AB8813BC0AE9}.Release|Any CPU.ActiveCfg = Release|Any CPU
		{4456B0B6-7164-4A6B-889C-AB8813BC0AE9}.Release|Any CPU.Build.0 = Release|Any CPU
		{4456B0B6-7164-4A6B-889C-AB8813BC0AE9}.Debug|iPhoneSimulator.ActiveCfg = Debug|Any CPU
		{4456B0B6-7164-4A6B-889C-AB8813BC0AE9}.Debug|iPhoneSimulator.Build.0 = Debug|Any CPU
		{4456B0B6-7164-4A6B-889C-AB8813BC0AE9}.Release|iPhoneSimulator.ActiveCfg = Release|Any CPU
		{4456B0B6-7164-4A6B-889C-AB8813BC0AE9}.Release|iPhoneSimulator.Build.0 = Release|Any CPU
		{4456B0B6-7164-4A6B-889C-AB8813BC0AE9}.Debug|iPhone.ActiveCfg = Debug|Any CPU
		{4456B0B6-7164-4A6B-889C-AB8813BC0AE9}.Debug|iPhone.Build.0 = Debug|Any CPU
		{4456B0B6-7164-4A6B-889C-AB8813BC0AE9}.Release|iPhone.ActiveCfg = Release|Any CPU
		{4456B0B6-7164-4A6B-889C-AB8813BC0AE9}.Release|iPhone.Build.0 = Release|Any CPU
		{4456B0B6-7164-4A6B-889C-AB8813BC0AE9}.Ad-Hoc|iPhone.ActiveCfg = Debug|Any CPU
		{4456B0B6-7164-4A6B-889C-AB8813BC0AE9}.Ad-Hoc|iPhone.Build.0 = Debug|Any CPU
		{4456B0B6-7164-4A6B-889C-AB8813BC0AE9}.AppStore|iPhone.ActiveCfg = Debug|Any CPU
		{4456B0B6-7164-4A6B-889C-AB8813BC0AE9}.AppStore|iPhone.Build.0 = Debug|Any CPU
		{98B78998-C91C-43CF-ABA3-D5F58FB500CA}.Debug|Any CPU.ActiveCfg = Debug|iPhoneSimulator
		{98B78998-C91C-43CF-ABA3-D5F58FB500CA}.Debug|Any CPU.Build.0 = Debug|iPhoneSimulator
		{98B78998-C91C-43CF-ABA3-D5F58FB500CA}.Release|Any CPU.ActiveCfg = Release|iPhoneSimulator
		{98B78998-C91C-43CF-ABA3-D5F58FB500CA}.Release|Any CPU.Build.0 = Release|iPhoneSimulator
		{98B78998-C91C-43CF-ABA3-D5F58FB500CA}.Debug|iPhoneSimulator.ActiveCfg = Debug|iPhoneSimulator
		{98B78998-C91C-43CF-ABA3-D5F58FB500CA}.Debug|iPhoneSimulator.Build.0 = Debug|iPhoneSimulator
		{98B78998-C91C-43CF-ABA3-D5F58FB500CA}.Release|iPhoneSimulator.ActiveCfg = Release|iPhoneSimulator
		{98B78998-C91C-43CF-ABA3-D5F58FB500CA}.Release|iPhoneSimulator.Build.0 = Release|iPhoneSimulator
		{98B78998-C91C-43CF-ABA3-D5F58FB500CA}.Debug|iPhone.ActiveCfg = Debug|iPhone
		{98B78998-C91C-43CF-ABA3-D5F58FB500CA}.Debug|iPhone.Build.0 = Debug|iPhone
		{98B78998-C91C-43CF-ABA3-D5F58FB500CA}.Release|iPhone.ActiveCfg = Release|iPhone
		{98B78998-C91C-43CF-ABA3-D5F58FB500CA}.Release|iPhone.Build.0 = Release|iPhone
		{98B78998-C91C-43CF-ABA3-D5F58FB500CA}.Ad-Hoc|iPhone.ActiveCfg = Ad-Hoc|iPhone
		{98B78998-C91C-43CF-ABA3-D5F58FB500CA}.Ad-Hoc|iPhone.Build.0 = Ad-Hoc|iPhone
		{98B78998-C91C-43CF-ABA3-D5F58FB500CA}.AppStore|iPhone.ActiveCfg = AppStore|iPhone
		{98B78998-C91C-43CF-ABA3-D5F58FB500CA}.AppStore|iPhone.Build.0 = AppStore|iPhone
		{032690E3-7EE9-4954-906F-13ADEFD0BCDD}.Debug|Any CPU.ActiveCfg = Debug|Any CPU
		{032690E3-7EE9-4954-906F-13ADEFD0BCDD}.Debug|Any CPU.Build.0 = Debug|Any CPU
		{032690E3-7EE9-4954-906F-13ADEFD0BCDD}.Release|Any CPU.ActiveCfg = Release|Any CPU
		{032690E3-7EE9-4954-906F-13ADEFD0BCDD}.Release|Any CPU.Build.0 = Release|Any CPU
		{032690E3-7EE9-4954-906F-13ADEFD0BCDD}.Debug|iPhoneSimulator.ActiveCfg = Debug|Any CPU
		{032690E3-7EE9-4954-906F-13ADEFD0BCDD}.Debug|iPhoneSimulator.Build.0 = Debug|Any CPU
		{032690E3-7EE9-4954-906F-13ADEFD0BCDD}.Release|iPhoneSimulator.ActiveCfg = Release|Any CPU
		{032690E3-7EE9-4954-906F-13ADEFD0BCDD}.Release|iPhoneSimulator.Build.0 = Release|Any CPU
		{032690E3-7EE9-4954-906F-13ADEFD0BCDD}.Debug|iPhone.ActiveCfg = Debug|Any CPU
		{032690E3-7EE9-4954-906F-13ADEFD0BCDD}.Debug|iPhone.Build.0 = Debug|Any CPU
		{032690E3-7EE9-4954-906F-13ADEFD0BCDD}.Release|iPhone.ActiveCfg = Release|Any CPU
		{032690E3-7EE9-4954-906F-13ADEFD0BCDD}.Release|iPhone.Build.0 = Release|Any CPU
		{032690E3-7EE9-4954-906F-13ADEFD0BCDD}.Ad-Hoc|iPhone.ActiveCfg = Debug|Any CPU
		{032690E3-7EE9-4954-906F-13ADEFD0BCDD}.Ad-Hoc|iPhone.Build.0 = Debug|Any CPU
		{032690E3-7EE9-4954-906F-13ADEFD0BCDD}.AppStore|iPhone.ActiveCfg = Debug|Any CPU
		{032690E3-7EE9-4954-906F-13ADEFD0BCDD}.AppStore|iPhone.Build.0 = Debug|Any CPU
	EndGlobalSection
EndGlobal
